# This file is automatically @generated by Cargo.
# It is not intended for manual editing.
version = 3

[[package]]
name = "log"
version = "0.4.22"
source = "registry+https://github.com/rust-lang/crates.io-index"
checksum = "a7a70ba024b9dc04c27ea2f0c0548feb474ec5c54bba33a7f72f873a39d07b24"

[[package]]
name = "ohos-sys"
version = "0.2.2"
source = "registry+https://github.com/rust-lang/crates.io-index"
checksum = "8d380ab6c951261a0e44306245bc960b3b3367f099a7da7156bd1a3cacaf783c"

[[package]]
name = "ohos-vsync"
version = "0.1.0"
dependencies = [
 "log",
 "ohos-sys",
]
